
Microsoft Visual Studio Solution File, Format Version 12.00
# Visual Studio 15
VisualStudioVersion = 15.0.26730.12
MinimumVisualStudioVersion = 10.0.40219.1
Project("{FAE04EC0-301F-11D3-BF4B-00C04F79EFBC}") = "OOTP_Lab2", "OOTP_Lab2\OOTP_Lab2.csproj", "{60C30CA4-8A3A-4C70-9E53-18C65440D9AB}"
EndProject
Global
	GlobalSection(SolutionConfigurationPlatforms) = preSolution
		Debug|Any CPU = Debug|Any CPU
		Release|Any CPU = Release|Any CPU
	EndGlobalSection
	GlobalSection(ProjectConfigurationPlatforms) = postSolution
		{60C30CA4-8A3A-4C70-9E53-18C65440D9AB}.Debug|Any CPU.ActiveCfg = Debug|Any CPU
		{60C30CA4-8A3A-4C70-9E53-18C65440D9AB}.Debug|Any CPU.Build.0 = Debug|Any CPU
		{60C30CA4-8A3A-4C70-9E53-18C65440D9AB}.Release|Any CPU.ActiveCfg = Release|Any CPU
		{60C30CA4-8A3A-4C70-9E53-18C65440D9AB}.Release|Any CPU.Build.0 = Release|Any CPU
	EndGlobalSection
	GlobalSection(SolutionProperties) = preSolution
		HideSolutionNode = FALSE
	EndGlobalSection
	GlobalSection(ExtensibilityGlobals) = postSolution
		SolutionGuid = {AF33C1E6-1BD8-42C6-B593-285588C6C2B3}
	EndGlobalSection
EndGlobal
